# This file is autogenerated, do not edit; changes may be undone by the next 'dep ensure'.


[[projects]]
  branch = "master"
  name = "github.com/ascarter/deptest"
  packages = ["lower","uniqueid","upper"]
  revision = "5d23b4752f8b3432262338be81e632e8ca42b866"

[[projects]]
  name = "github.com/google/uuid"
  packages = ["."]
  revision = "064e2069ce9c359c118179501254f67d7d37ba24"
  version = "0.2"

[solve-meta]
  analyzer-name = "dep"
  analyzer-version = 1
  inputs-digest = "462db6039e0608821676a8fb48a17194a78745b810c565411cab77881cdcdb3b"
  solver-name = "gps-cdcl"
  solver-version = 1
